
Microsoft Visual Studio Solution File, Format Version 12.00
# Visual Studio Version 16
VisualStudioVersion = 16.0.31624.102
MinimumVisualStudioVersion = 10.0.40219.1
Project("{FAE04EC0-301F-11D3-BF4B-00C04F79EFBC}") = "caQuestao1", "caQuestao1\caQuestao1.csproj", "{EB794DC4-C26B-4417-99A2-7279B11BED49}"
EndProject
Global
	GlobalSection(SolutionConfigurationPlatforms) = preSolution
		Debug|Any CPU = Debug|Any CPU
		Release|Any CPU = Release|Any CPU
	EndGlobalSection
	GlobalSection(ProjectConfigurationPlatforms) = postSolution
		{EB794DC4-C26B-4417-99A2-7279B11BED49}.Debug|Any CPU.ActiveCfg = Debug|Any CPU
		{EB794DC4-C26B-4417-99A2-7279B11BED49}.Debug|Any CPU.Build.0 = Debug|Any CPU
		{EB794DC4-C26B-4417-99A2-7279B11BED49}.Release|Any CPU.ActiveCfg = Release|Any CPU
		{EB794DC4-C26B-4417-99A2-7279B11BED49}.Release|Any CPU.Build.0 = Release|Any CPU
	EndGlobalSection
	GlobalSection(SolutionProperties) = preSolution
		HideSolutionNode = FALSE
	EndGlobalSection
	GlobalSection(ExtensibilityGlobals) = postSolution
		SolutionGuid = {E99FA147-A80F-4385-8913-944BE02E1948}
	EndGlobalSection
EndGlobal
